
Microsoft Visual Studio Solution File, Format Version 12.00
# Visual Studio Version 17
VisualStudioVersion = 17.7.34202.233
MinimumVisualStudioVersion = 10.0.40219.1
Project("{2150E333-8FDC-42A3-9474-1A3956D46DE8}") = "Api", "Api", "{F5CE0C82-3388-42F9-99D2-ED17ADFB17F4}"
EndProject
Project("{2150E333-8FDC-42A3-9474-1A3956D46DE8}") = "Domain", "Domain", "{CE42AC29-2775-4FD3-93CC-9FF005700C8C}"
EndProject
Project("{2150E333-8FDC-42A3-9474-1A3956D46DE8}") = "Tests", "Tests", "{98DAF49C-A6E5-4450-80CF-D6DCBAD30ACC}"
EndProject
Project("{9A19103F-16F7-4668-BE54-9A1E7A4F7556}") = "HomeBudget.Accounting.Domain", "HomeBudget.Accounting.Domain\HomeBudget.Accounting.Domain.csproj", "{736C67E8-151E-449D-88E8-3860D9C8FCA7}"
EndProject
Project("{9A19103F-16F7-4668-BE54-9A1E7A4F7556}") = "HomeBudget.Accounting.Api", "HomeBudget.Accounting.Api\HomeBudget.Accounting.Api.csproj", "{258FAD01-61E0-4F23-B616-D5776E66CF1F}"
EndProject
Project("{9A19103F-16F7-4668-BE54-9A1E7A4F7556}") = "HomeBudget.Accounting.Api.IntegrationTests", "HomeBudget.Accounting.Api.IntegrationTests\HomeBudget.Accounting.Api.IntegrationTests.csproj", "{950A70EE-2D12-487C-BBAD-109E2D69E81A}"
EndProject
Project("{2150E333-8FDC-42A3-9474-1A3956D46DE8}") = "Components", "Components", "{FD1ACF02-14AC-4994-8EF9-FCE52243E971}"
EndProject
Project("{9A19103F-16F7-4668-BE54-9A1E7A4F7556}") = "HomeBudget.Components.Contractors", "HomeBudget.Components.Contractors\HomeBudget.Components.Contractors.csproj", "{87D63FFA-3A75-42A8-BE62-A7E771F0C7C5}"
EndProject
Project("{9A19103F-16F7-4668-BE54-9A1E7A4F7556}") = "HomeBudget.Components.Categories", "HomeBudget.Components.Categories\HomeBudget.Components.Categories.csproj", "{CE00E941-B0B3-4DF2-8FE6-8295DDE594AB}"
EndProject
Project("{9A19103F-16F7-4668-BE54-9A1E7A4F7556}") = "HomeBudget.Components.Operations", "HomeBudget.Components.Operations\HomeBudget.Components.Operations.csproj", "{A85CE4ED-FDD8-4F93-8785-F997672D78E4}"
EndProject
Project("{9A19103F-16F7-4668-BE54-9A1E7A4F7556}") = "HomeBudget.Components.Accounts", "HomeBudget.Components.Accounts\HomeBudget.Components.Accounts.csproj", "{BC919372-37B2-46DA-9564-4509170B157E}"
EndProject
Project("{9A19103F-16F7-4668-BE54-9A1E7A4F7556}") = "HomeBudget.Components.Operations.Tests", "HomeBudget.Components.Operations.Tests\HomeBudget.Components.Operations.Tests.csproj", "{F3E8C228-2D8F-48F1-80F7-FCA4BBD96671}"
EndProject
Project("{9A19103F-16F7-4668-BE54-9A1E7A4F7556}") = "HomeBudget.Accounting.Infrastructure", "HomeBudget.Accounting.Infrastructure\HomeBudget.Accounting.Infrastructure.csproj", "{3E693F31-1BEC-420A-906A-3313EF61CFF8}"
EndProject
Project("{9A19103F-16F7-4668-BE54-9A1E7A4F7556}") = "HomeBudget.Accounting.Api.Tests", "HomeBudget.Accounting.Api.Tests\HomeBudget.Accounting.Api.Tests.csproj", "{02045618-C7AF-4F79-AC72-3FF3B5E6F206}"
EndProject
Project("{2150E333-8FDC-42A3-9474-1A3956D46DE8}") = "Core", "Core", "{DA942901-C03B-444A-8C98-30E1BFE42A27}"
EndProject
Project("{FAE04EC0-301F-11D3-BF4B-00C04F79EFBC}") = "HomeBudget.Core", "HomeBudget.Core\HomeBudget.Core.csproj", "{3F1E85E7-792D-40A7-BB2B-5EB3925939CD}"
EndProject
Project("{2150E333-8FDC-42A3-9474-1A3956D46DE8}") = "Solution Items", "Solution Items", "{9255F9BC-272F-445A-8025-BCF7385AEE07}"
	ProjectSection(SolutionItems) = preProject
		Directory.Build.props = Directory.Build.props
		Directory.Build.targets = Directory.Build.targets
		Directory.Packages.props = Directory.Packages.props
		dockerfile = dockerfile
		StyleCopConfig.ruleset = StyleCopConfig.ruleset
	EndProjectSection
EndProject
Project("{FAE04EC0-301F-11D3-BF4B-00C04F79EFBC}") = "HomeBudget.Test.Core", "HomeBudget.Test.Core\HomeBudget.Test.Core.csproj", "{461F2118-D177-46B9-81CC-9D2D5BA708F9}"
EndProject
Project("{FAE04EC0-301F-11D3-BF4B-00C04F79EFBC}") = "HomeBudget.Components.Categories.Tests", "HomeBudget.Components.Categories.Tests\HomeBudget.Components.Categories.Tests.csproj", "{2BBF6C7E-C453-4A06-B27E-A4B08C8A8973}"
EndProject
Project("{2150E333-8FDC-42A3-9474-1A3956D46DE8}") = "Workers", "Workers", "{02EA681E-C7D8-13C7-8484-4AC65E1B71E8}"
EndProject
Project("{FAE04EC0-301F-11D3-BF4B-00C04F79EFBC}") = "HomeBudget.Accounting.Workers.OperationsConsumer", "HomeBudget.Accounting.Workers.OperationsConsumer\HomeBudget.Accounting.Workers.OperationsConsumer.csproj", "{6C828250-3BFE-4E6A-8F9C-98AC82B8A18D}"
EndProject
Global
	GlobalSection(SolutionConfigurationPlatforms) = preSolution
		Debug|Any CPU = Debug|Any CPU
		Release|Any CPU = Release|Any CPU
	EndGlobalSection
	GlobalSection(ProjectConfigurationPlatforms) = postSolution
		{736C67E8-151E-449D-88E8-3860D9C8FCA7}.Debug|Any CPU.ActiveCfg = Debug|Any CPU
		{736C67E8-151E-449D-88E8-3860D9C8FCA7}.Debug|Any CPU.Build.0 = Debug|Any CPU
		{736C67E8-151E-449D-88E8-3860D9C8FCA7}.Release|Any CPU.ActiveCfg = Release|Any CPU
		{736C67E8-151E-449D-88E8-3860D9C8FCA7}.Release|Any CPU.Build.0 = Release|Any CPU
		{258FAD01-61E0-4F23-B616-D5776E66CF1F}.Debug|Any CPU.ActiveCfg = Debug|Any CPU
		{258FAD01-61E0-4F23-B616-D5776E66CF1F}.Debug|Any CPU.Build.0 = Debug|Any CPU
		{258FAD01-61E0-4F23-B616-D5776E66CF1F}.Release|Any CPU.ActiveCfg = Release|Any CPU
		{258FAD01-61E0-4F23-B616-D5776E66CF1F}.Release|Any CPU.Build.0 = Release|Any CPU
		{950A70EE-2D12-487C-BBAD-109E2D69E81A}.Debug|Any CPU.ActiveCfg = Debug|Any CPU
		{950A70EE-2D12-487C-BBAD-109E2D69E81A}.Debug|Any CPU.Build.0 = Debug|Any CPU
		{950A70EE-2D12-487C-BBAD-109E2D69E81A}.Release|Any CPU.ActiveCfg = Release|Any CPU
		{950A70EE-2D12-487C-BBAD-109E2D69E81A}.Release|Any CPU.Build.0 = Release|Any CPU
		{87D63FFA-3A75-42A8-BE62-A7E771F0C7C5}.Debug|Any CPU.ActiveCfg = Debug|Any CPU
		{87D63FFA-3A75-42A8-BE62-A7E771F0C7C5}.Debug|Any CPU.Build.0 = Debug|Any CPU
		{87D63FFA-3A75-42A8-BE62-A7E771F0C7C5}.Release|Any CPU.ActiveCfg = Release|Any CPU
		{87D63FFA-3A75-42A8-BE62-A7E771F0C7C5}.Release|Any CPU.Build.0 = Release|Any CPU
		{CE00E941-B0B3-4DF2-8FE6-8295DDE594AB}.Debug|Any CPU.ActiveCfg = Debug|Any CPU
		{CE00E941-B0B3-4DF2-8FE6-8295DDE594AB}.Debug|Any CPU.Build.0 = Debug|Any CPU
		{CE00E941-B0B3-4DF2-8FE6-8295DDE594AB}.Release|Any CPU.ActiveCfg = Release|Any CPU
		{CE00E941-B0B3-4DF2-8FE6-8295DDE594AB}.Release|Any CPU.Build.0 = Release|Any CPU
		{A85CE4ED-FDD8-4F93-8785-F997672D78E4}.Debug|Any CPU.ActiveCfg = Debug|Any CPU
		{A85CE4ED-FDD8-4F93-8785-F997672D78E4}.Debug|Any CPU.Build.0 = Debug|Any CPU
		{A85CE4ED-FDD8-4F93-8785-F997672D78E4}.Release|Any CPU.ActiveCfg = Release|Any CPU
		{A85CE4ED-FDD8-4F93-8785-F997672D78E4}.Release|Any CPU.Build.0 = Release|Any CPU
		{BC919372-37B2-46DA-9564-4509170B157E}.Debug|Any CPU.ActiveCfg = Debug|Any CPU
		{BC919372-37B2-46DA-9564-4509170B157E}.Debug|Any CPU.Build.0 = Debug|Any CPU
		{BC919372-37B2-46DA-9564-4509170B157E}.Release|Any CPU.ActiveCfg = Release|Any CPU
		{BC919372-37B2-46DA-9564-4509170B157E}.Release|Any CPU.Build.0 = Release|Any CPU
		{F3E8C228-2D8F-48F1-80F7-FCA4BBD96671}.Debug|Any CPU.ActiveCfg = Debug|Any CPU
		{F3E8C228-2D8F-48F1-80F7-FCA4BBD96671}.Debug|Any CPU.Build.0 = Debug|Any CPU
		{F3E8C228-2D8F-48F1-80F7-FCA4BBD96671}.Release|Any CPU.ActiveCfg = Release|Any CPU
		{F3E8C228-2D8F-48F1-80F7-FCA4BBD96671}.Release|Any CPU.Build.0 = Release|Any CPU
		{3E693F31-1BEC-420A-906A-3313EF61CFF8}.Debug|Any CPU.ActiveCfg = Debug|Any CPU
		{3E693F31-1BEC-420A-906A-3313EF61CFF8}.Debug|Any CPU.Build.0 = Debug|Any CPU
		{3E693F31-1BEC-420A-906A-3313EF61CFF8}.Release|Any CPU.ActiveCfg = Release|Any CPU
		{3E693F31-1BEC-420A-906A-3313EF61CFF8}.Release|Any CPU.Build.0 = Release|Any CPU
		{02045618-C7AF-4F79-AC72-3FF3B5E6F206}.Debug|Any CPU.ActiveCfg = Debug|Any CPU
		{02045618-C7AF-4F79-AC72-3FF3B5E6F206}.Debug|Any CPU.Build.0 = Debug|Any CPU
		{02045618-C7AF-4F79-AC72-3FF3B5E6F206}.Release|Any CPU.ActiveCfg = Release|Any CPU
		{02045618-C7AF-4F79-AC72-3FF3B5E6F206}.Release|Any CPU.Build.0 = Release|Any CPU
		{3F1E85E7-792D-40A7-BB2B-5EB3925939CD}.Debug|Any CPU.ActiveCfg = Debug|Any CPU
		{3F1E85E7-792D-40A7-BB2B-5EB3925939CD}.Debug|Any CPU.Build.0 = Debug|Any CPU
		{3F1E85E7-792D-40A7-BB2B-5EB3925939CD}.Release|Any CPU.ActiveCfg = Release|Any CPU
		{3F1E85E7-792D-40A7-BB2B-5EB3925939CD}.Release|Any CPU.Build.0 = Release|Any CPU
		{461F2118-D177-46B9-81CC-9D2D5BA708F9}.Debug|Any CPU.ActiveCfg = Debug|Any CPU
		{461F2118-D177-46B9-81CC-9D2D5BA708F9}.Debug|Any CPU.Build.0 = Debug|Any CPU
		{461F2118-D177-46B9-81CC-9D2D5BA708F9}.Release|Any CPU.ActiveCfg = Release|Any CPU
		{461F2118-D177-46B9-81CC-9D2D5BA708F9}.Release|Any CPU.Build.0 = Release|Any CPU
		{2BBF6C7E-C453-4A06-B27E-A4B08C8A8973}.Debug|Any CPU.ActiveCfg = Debug|Any CPU
		{2BBF6C7E-C453-4A06-B27E-A4B08C8A8973}.Debug|Any CPU.Build.0 = Debug|Any CPU
		{2BBF6C7E-C453-4A06-B27E-A4B08C8A8973}.Release|Any CPU.ActiveCfg = Release|Any CPU
		{2BBF6C7E-C453-4A06-B27E-A4B08C8A8973}.Release|Any CPU.Build.0 = Release|Any CPU
		{6C828250-3BFE-4E6A-8F9C-98AC82B8A18D}.Debug|Any CPU.ActiveCfg = Debug|Any CPU
		{6C828250-3BFE-4E6A-8F9C-98AC82B8A18D}.Debug|Any CPU.Build.0 = Debug|Any CPU
		{6C828250-3BFE-4E6A-8F9C-98AC82B8A18D}.Release|Any CPU.ActiveCfg = Release|Any CPU
		{6C828250-3BFE-4E6A-8F9C-98AC82B8A18D}.Release|Any CPU.Build.0 = Release|Any CPU
	EndGlobalSection
	GlobalSection(SolutionProperties) = preSolution
		HideSolutionNode = FALSE
	EndGlobalSection
	GlobalSection(NestedProjects) = preSolution
		{736C67E8-151E-449D-88E8-3860D9C8FCA7} = {CE42AC29-2775-4FD3-93CC-9FF005700C8C}
		{258FAD01-61E0-4F23-B616-D5776E66CF1F} = {F5CE0C82-3388-42F9-99D2-ED17ADFB17F4}
		{950A70EE-2D12-487C-BBAD-109E2D69E81A} = {98DAF49C-A6E5-4450-80CF-D6DCBAD30ACC}
		{87D63FFA-3A75-42A8-BE62-A7E771F0C7C5} = {FD1ACF02-14AC-4994-8EF9-FCE52243E971}
		{CE00E941-B0B3-4DF2-8FE6-8295DDE594AB} = {FD1ACF02-14AC-4994-8EF9-FCE52243E971}
		{A85CE4ED-FDD8-4F93-8785-F997672D78E4} = {FD1ACF02-14AC-4994-8EF9-FCE52243E971}
		{BC919372-37B2-46DA-9564-4509170B157E} = {FD1ACF02-14AC-4994-8EF9-FCE52243E971}
		{F3E8C228-2D8F-48F1-80F7-FCA4BBD96671} = {98DAF49C-A6E5-4450-80CF-D6DCBAD30ACC}
		{3E693F31-1BEC-420A-906A-3313EF61CFF8} = {CE42AC29-2775-4FD3-93CC-9FF005700C8C}
		{02045618-C7AF-4F79-AC72-3FF3B5E6F206} = {98DAF49C-A6E5-4450-80CF-D6DCBAD30ACC}
		{3F1E85E7-792D-40A7-BB2B-5EB3925939CD} = {DA942901-C03B-444A-8C98-30E1BFE42A27}
		{461F2118-D177-46B9-81CC-9D2D5BA708F9} = {98DAF49C-A6E5-4450-80CF-D6DCBAD30ACC}
		{2BBF6C7E-C453-4A06-B27E-A4B08C8A8973} = {98DAF49C-A6E5-4450-80CF-D6DCBAD30ACC}
		{6C828250-3BFE-4E6A-8F9C-98AC82B8A18D} = {02EA681E-C7D8-13C7-8484-4AC65E1B71E8}
	EndGlobalSection
	GlobalSection(ExtensibilityGlobals) = postSolution
		SolutionGuid = {CDA43629-25A6-4514-AA5B-1AD407073983}
	EndGlobalSection
EndGlobal
