
Microsoft Visual Studio Solution File, Format Version 12.00
# Visual Studio Version 17
VisualStudioVersion = 17.5.002.0
MinimumVisualStudioVersion = 10.0.40219.1
Project("{9A19103F-16F7-4668-BE54-9A1E7A4F7556}") = "HomeBudget.Components.Operations.Tests", "HomeBudget.Components.Operations.Tests.csproj", "{F9391B5A-5BEF-4345-87C0-7C42346391EE}"
EndProject
Global
	GlobalSection(SolutionConfigurationPlatforms) = preSolution
		Debug|Any CPU = Debug|Any CPU
		Release|Any CPU = Release|Any CPU
	EndGlobalSection
	GlobalSection(ProjectConfigurationPlatforms) = postSolution
		{F9391B5A-5BEF-4345-87C0-7C42346391EE}.Debug|Any CPU.ActiveCfg = Debug|Any CPU
		{F9391B5A-5BEF-4345-87C0-7C42346391EE}.Debug|Any CPU.Build.0 = Debug|Any CPU
		{F9391B5A-5BEF-4345-87C0-7C42346391EE}.Release|Any CPU.ActiveCfg = Release|Any CPU
		{F9391B5A-5BEF-4345-87C0-7C42346391EE}.Release|Any CPU.Build.0 = Release|Any CPU
	EndGlobalSection
	GlobalSection(SolutionProperties) = preSolution
		HideSolutionNode = FALSE
	EndGlobalSection
	GlobalSection(ExtensibilityGlobals) = postSolution
		SolutionGuid = {2CEEA918-0665-425C-812F-CC426BD31C11}
	EndGlobalSection
EndGlobal
